lockfileVersion: '9.0'

settings:
  autoInstallPeers: true
  excludeLinksFromLockfile: false

importers:

  .:
    devDependencies:
      typescript:
        specifier: ^5.6.3
        version: 5.9.3

  editor: {}

  gcc:
    devDependencies:
      fake-indexeddb:
        specifier: ^6.2.5
        version: 6.2.5

  graycloak-adnd: {}

  packages/battlesystem-engine: {}

  packages/map-engine: {}

  packages/osric3-rules: {}

packages:

  fake-indexeddb@6.2.5:
    resolution: {integrity: sha512-CGnyrvbhPlWYMngksqrSSUT1BAVP49dZocrHuK0SvtR0D5TMs5wP0o3j7jexDJW01KSadjBp1M/71o/KR3nD1w==}
    engines: {node: '>=18'}

  typescript@5.9.3:
    resolution: {integrity: sha512-jl1vZzPDinLr9eUt3J/t7V6FgNEw9QjvBPdysz9KfQDD41fQrC2Y4vKQdiaUpFT4bXlb1RHhLpp8wtm6M5TgSw==}
    engines: {node: '>=14.17'}
    hasBin: true

snapshots:

  fake-indexeddb@6.2.5: {}

  typescript@5.9.3: {}
